
Microsoft Visual Studio Solution File, Format Version 12.00
# Visual Studio Version 17
VisualStudioVersion = 17.3.32929.385
MinimumVisualStudioVersion = 10.0.40219.1
Project("{FAE04EC0-301F-11D3-BF4B-00C04F79EFBC}") = "UC", "UC\UC.csproj", "{FD64E1E8-E6EB-4283-BA81-9D7F515D4DE4}"
EndProject
Global
	GlobalSection(SolutionConfigurationPlatforms) = preSolution
		Debug|Any CPU = Debug|Any CPU
		Release|Any CPU = Release|Any CPU
	EndGlobalSection
	GlobalSection(ProjectConfigurationPlatforms) = postSolution
		{FD64E1E8-E6EB-4283-BA81-9D7F515D4DE4}.Debug|Any CPU.ActiveCfg = Debug|Any CPU
		{FD64E1E8-E6EB-4283-BA81-9D7F515D4DE4}.Debug|Any CPU.Build.0 = Debug|Any CPU
		{FD64E1E8-E6EB-4283-BA81-9D7F515D4DE4}.Release|Any CPU.ActiveCfg = Release|Any CPU
		{FD64E1E8-E6EB-4283-BA81-9D7F515D4DE4}.Release|Any CPU.Build.0 = Release|Any CPU
	EndGlobalSection
	GlobalSection(SolutionProperties) = preSolution
		HideSolutionNode = FALSE
	EndGlobalSection
	GlobalSection(ExtensibilityGlobals) = postSolution
		SolutionGuid = {56A62F06-07E4-4558-BC2B-53EAE1CBB878}
	EndGlobalSection
EndGlobal
